// !$*UTF8*$!
{
	archiveVersion = 1;
	classes = {
	};
	objectVersion = 77;
	objects = {

/* Begin PBXBuildFile section */
		AA58D65430095EDD00355097 /* OpenCluelyCore in Frameworks */ = {isa = PBXBuildFile; productRef = AA58D65330095EDD00355097 /* OpenCluelyCore */; };
		AA58D683300965CB00355097 /* SwiftWhisper in Frameworks */ = {isa = PBXBuildFile; productRef = AA58D682300965CB00355097 /* SwiftWhisper */; };
/* End PBXBuildFile section */

/* Begin PBXContainerItemProxy section */
		AA58D6293009389200355097 /* PBXContainerItemProxy */ = {
			isa = PBXContainerItemProxy;
			containerPortal = AA58D6133009389200355097 /* Project object */;
			proxyType = 1;
			remoteGlobalIDString = AA58D61A3009389200355097;
			remoteInfo = cluelyopen;
		};
		AA58D6333009389200355097 /* PBXContainerItemProxy */ = {
			isa = PBXContainerItemProxy;
			containerPortal = AA58D6133009389200355097 /* Project object */;
			proxyType = 1;
			remoteGlobalIDString = AA58D61A3009389200355097;
			remoteInfo = cluelyopen;
		};
/* End PBXContainerItemProxy section */

/* Begin PBXFileReference section */
		AA58D61B3009389200355097 /* cluelyopen.app */ = {isa = PBXFileReference; explicitFileType = wrapper.application; includeInIndex = 0; path = cluelyopen.app; sourceTree = BUILT_PRODUCTS_DIR; };
		AA58D6283009389200355097 /* cluelyopenTests.xctest */ = {isa = PBXFileReference; explicitFileType = wrapper.cfbundle; includeInIndex = 0; path = cluelyopenTests.xctest; sourceTree = BUILT_PRODUCTS_DIR; };
		AA58D6323009389200355097 /* cluelyopenUITests.xctest */ = {isa = PBXFileReference; explicitFileType = wrapper.cfbundle; includeInIndex = 0; path = cluelyopenUITests.xctest; sourceTree = BUILT_PRODUCTS_DIR; };
/* End PBXFileReference section */

/* Begin PBXFileSystemSynchronizedRootGroup section */
		AA58D61D3009389200355097 /* cluelyopen */ = {
			isa = PBXFileSystemSynchronizedRootGroup;
			path = cluelyopen;
			sourceTree = "<group>";
		};
		AA58D62B3009389200355097 /* cluelyopenTests */ = {
			isa = PBXFileSystemSynchronizedRootGroup;
			path = cluelyopenTests;
			sourceTree = "<group>";
		};
		AA58D6353009389200355097 /* cluelyopenUITests */ = {
			isa = PBXFileSystemSynchronizedRootGroup;
			path = cluelyopenUITests;
			sourceTree = "<group>";
		};
/* End PBXFileSystemSynchronizedRootGroup section */

/* Begin PBXFrameworksBuildPhase section */
		AA58D6183009389200355097 /* Frameworks */ = {
			isa = PBXFrameworksBuildPhase;
			buildActionMask = 2147483647;
			files = (
				AA58D65430095EDD00355097 /* OpenCluelyCore in Frameworks */,
				AA58D683300965CB00355097 /* SwiftWhisper in Frameworks */,
			);
			runOnlyForDeploymentPostprocessing = 0;
		};
		AA58D6253009389200355097 /* Frameworks */ = {
			isa = PBXFrameworksBuildPhase;
			buildActionMask = 2147483647;
			files = (
			);
			runOnlyForDeploymentPostprocessing = 0;
		};
		AA58D62F3009389200355097 /* Frameworks */ = {
			isa = PBXFrameworksBuildPhase;
			buildActionMask = 2147483647;
			files = (
			);
			runOnlyForDeploymentPostprocessing = 0;
		};
/* End PBXFrameworksBuildPhase section */

/* Begin PBXGroup section */
		AA58D6123009389200355097 = {
			isa = PBXGroup;
			children = (
				AA58D61D3009389200355097 /* cluelyopen */,
				AA58D62B3009389200355097 /* cluelyopenTests */,
				AA58D6353009389200355097 /* cluelyopenUITests */,
				AA58D65230095EB500355097 /* Frameworks */,
				AA58D61C3009389200355097 /* Products */,
			);
			sourceTree = "<group>";
		};
		AA58D61C3009389200355097 /* Products */ = {
			isa = PBXGroup;
			children = (
				AA58D61B3009389200355097 /* cluelyopen.app */,
				AA58D6283009389200355097 /* cluelyopenTests.xctest */,
				AA58D6323009389200355097 /* cluelyopenUITests.xctest */,
			);
			name = Products;
			sourceTree = "<group>";
		};
		AA58D65230095EB500355097 /* Frameworks */ = {
			isa = PBXGroup;
			children = (
			);
			name = Frameworks;
			sourceTree = "<group>";
		};
/* End PBXGroup section */

/* Begin PBXNativeTarget section */
		AA58D61A3009389200355097 /* cluelyopen */ = {
			isa = PBXNativeTarget;
			buildConfigurationList = AA58D63C3009389200355097 /* Build configuration list for PBXNativeTarget "cluelyopen" */;
			buildPhases = (
				AA58D6173009389200355097 /* Sources */,
				AA58D6183009389200355097 /* Frameworks */,
				AA58D6193009389200355097 /* Resources */,
			);
			buildRules = (
			);
			dependencies = (
			);
			fileSystemSynchronizedGroups = (
				AA58D61D3009389200355097 /* cluelyopen */,
			);
			name = cluelyopen;
			packageProductDependencies = (
				AA58D65330095EDD00355097 /* OpenCluelyCore */,
				AA58D682300965CB00355097 /* SwiftWhisper */,
			);
			productName = cluelyopen;
			productReference = AA58D61B3009389200355097 /* cluelyopen.app */;
			productType = "com.apple.product-type.application";
		};
		AA58D6273009389200355097 /* cluelyopenTests */ = {
			isa = PBXNativeTarget;
			buildConfigurationList = AA58D63F3009389200355097 /* Build configuration list for PBXNativeTarget "cluelyopenTests" */;
			buildPhases = (
				AA58D6243009389200355097 /* Sources */,
				AA58D6253009389200355097 /* Frameworks */,
				AA58D6263009389200355097 /* Resources */,
			);
			buildRules = (
			);
			dependencies = (
				AA58D62A3009389200355097 /* PBXTargetDependency */,
			);
			fileSystemSynchronizedGroups = (
				AA58D62B3009389200355097 /* cluelyopenTests */,
			);
			name = cluelyopenTests;
			packageProductDependencies = (
			);
			productName = cluelyopenTests;
			productReference = AA58D6283009389200355097 /* cluelyopenTests.xctest */;
			productType = "com.apple.product-type.bundle.unit-test";
		};
		AA58D6313009389200355097 /* cluelyopenUITests */ = {
			isa = PBXNativeTarget;
			buildConfigurationList = AA58D6423009389200355097 /* Build configuration list for PBXNativeTarget "cluelyopenUITests" */;
			buildPhases = (
				AA58D62E3009389200355097 /* Sources */,
				AA58D62F3009389200355097 /* Frameworks */,
				AA58D6303009389200355097 /* Resources */,
			);
			buildRules = (
			);
			dependencies = (
				AA58D6343009389200355097 /* PBXTargetDependency */,
			);
			fileSystemSynchronizedGroups = (
				AA58D6353009389200355097 /* cluelyopenUITests */,
			);
			name = cluelyopenUITests;
			packageProductDependencies = (
			);
			productName = cluelyopenUITests;
			productReference = AA58D6323009389200355097 /* cluelyopenUITests.xctest */;
			productType = "com.apple.product-type.bundle.ui-testing";
		};
/* End PBXNativeTarget section */

/* Begin PBXProject section */
		AA58D6133009389200355097 /* Project object */ = {
			isa = PBXProject;
			attributes = {
				BuildIndependentTargetsInParallel = 1;
				LastSwiftUpdateCheck = 2660;
				LastUpgradeCheck = 2660;
				TargetAttributes = {
					AA58D61A3009389200355097 = {
						CreatedOnToolsVersion = 26.6;
					};
					AA58D6273009389200355097 = {
						CreatedOnToolsVersion = 26.6;
						TestTargetID = AA58D61A3009389200355097;
					};
					AA58D6313009389200355097 = {
						CreatedOnToolsVersion = 26.6;
						TestTargetID = AA58D61A3009389200355097;
					};
				};
			};
			buildConfigurationList = AA58D6163009389200355097 /* Build configuration list for PBXProject "cluelyopen" */;
			developmentRegion = en;
			hasScannedForEncodings = 0;
			knownRegions = (
				en,
				Base,
			);
			mainGroup = AA58D6123009389200355097;
			minimizedProjectReferenceProxies = 1;
			packageReferences = (
				AA58D65130095D4A00355097 /* XCLocalSwiftPackageReference "../OpenCluelyCore" */,
				AA58D681300965CB00355097 /* XCRemoteSwiftPackageReference "SwiftWhisper" */,
			);
			preferredProjectObjectVersion = 77;
			productRefGroup = AA58D61C3009389200355097 /* Products */;
			projectDirPath = "";
			projectRoot = "";
			targets = (
				AA58D61A3009389200355097 /* cluelyopen */,
				AA58D6273009389200355097 /* cluelyopenTests */,
				AA58D6313009389200355097 /* cluelyopenUITests */,
			);
		};
/* End PBXProject section */

/* Begin PBXResourcesBuildPhase section */
		AA58D6193009389200355097 /* Resources */ = {
			isa = PBXResourcesBuildPhase;
			buildActionMask = 2147483647;
			files = (
			);
			runOnlyForDeploymentPostprocessing = 0;
		};
		AA58D6263009389200355097 /* Resources */ = {
			isa = PBXResourcesBuildPhase;
			buildActionMask = 2147483647;
			files = (
			);
			runOnlyForDeploymentPostprocessing = 0;
		};
		AA58D6303009389200355097 /* Resources */ = {
			isa = PBXResourcesBuildPhase;
			buildActionMask = 2147483647;
			files = (
			);
			runOnlyForDeploymentPostprocessing = 0;
		};
/* End PBXResourcesBuildPhase section */

/* Begin PBXSourcesBuildPhase section */
		AA58D6173009389200355097 /* Sources */ = {
			isa = PBXSourcesBuildPhase;
			buildActionMask = 2147483647;
			files = (
			);
			runOnlyForDeploymentPostprocessing = 0;
		};
		AA58D6243009389200355097 /* Sources */ = {
			isa = PBXSourcesBuildPhase;
			buildActionMask = 2147483647;
			files = (
			);
			runOnlyForDeploymentPostprocessing = 0;
		};
		AA58D62E3009389200355097 /* Sources */ = {
			isa = PBXSourcesBuildPhase;
			buildActionMask = 2147483647;
			files = (
			);
			runOnlyForDeploymentPostprocessing = 0;
		};
/* End PBXSourcesBuildPhase section */

/* Begin PBXTargetDependency section */
		AA58D62A3009389200355097 /* PBXTargetDependency */ = {
			isa = PBXTargetDependency;
			target = AA58D61A3009389200355097 /* cluelyopen */;
			targetProxy = AA58D6293009389200355097 /* PBXContainerItemProxy */;
		};
		AA58D6343009389200355097 /* PBXTargetDependency */ = {
			isa = PBXTargetDependency;
			target = AA58D61A3009389200355097 /* cluelyopen */;
			targetProxy = AA58D6333009389200355097 /* PBXContainerItemProxy */;
		};
/* End PBXTargetDependency section */

/* Begin XCBuildConfiguration section */
		AA58D63A3009389200355097 /* Debug */ = {
			isa = XCBuildConfiguration;
			buildSettings = {
				ALWAYS_SEARCH_USER_PATHS = NO;
				ASSETCATALOG_COMPILER_GENERATE_SWIFT_ASSET_SYMBOL_EXTENSIONS = YES;
				CLANG_ANALYZER_NONNULL = YES;
				CLANG_ANALYZER_NUMBER_OBJECT_CONVERSION = YES_AGGRESSIVE;
				CLANG_CXX_LANGUAGE_STANDARD = "gnu++20";
				CLANG_ENABLE_MODULES = YES;
				CLANG_ENABLE_OBJC_ARC = YES;
				CLANG_ENABLE_OBJC_WEAK = YES;
				CLANG_WARN_BLOCK_CAPTURE_AUTORELEASING = YES;
				CLANG_WARN_BOOL_CONVERSION = YES;
				CLANG_WARN_COMMA = YES;
				CLANG_WARN_CONSTANT_CONVERSION = YES;
				CLANG_WARN_DEPRECATED_OBJC_IMPLEMENTATIONS = YES;
				CLANG_WARN_DIRECT_OBJC_ISA_USAGE = YES_ERROR;
				CLANG_WARN_DOCUMENTATION_COMMENTS = YES;
				CLANG_WARN_EMPTY_BODY = YES;
				CLANG_WARN_ENUM_CONVERSION = YES;
				CLANG_WARN_INFINITE_RECURSION = YES;
				CLANG_WARN_INT_CONVERSION = YES;
				CLANG_WARN_NON_LITERAL_NULL_CONVERSION = YES;
				CLANG_WARN_OBJC_IMPLICIT_RETAIN_SELF = YES;
				CLANG_WARN_OBJC_LITERAL_CONVERSION = YES;
				CLANG_WARN_OBJC_ROOT_CLASS = YES_ERROR;
				CLANG_WARN_QUOTED_INCLUDE_IN_FRAMEWORK_HEADER = YES;
				CLANG_WARN_RANGE_LOOP_ANALYSIS = YES;
				CLANG_WARN_STRICT_PROTOTYPES = YES;
				CLANG_WARN_SUSPICIOUS_MOVE = YES;
				CLANG_WARN_UNGUARDED_AVAILABILITY = YES_AGGRESSIVE;
				CLANG_WARN_UNREACHABLE_CODE = YES;
				CLANG_WARN__DUPLICATE_METHOD_MATCH = YES;
				COPY_PHASE_STRIP = NO;
				DEBUG_INFORMATION_FORMAT = dwarf;
				DEVELOPMENT_TEAM = 4PMY8MS8XC;
				ENABLE_STRICT_OBJC_MSGSEND = YES;
				ENABLE_TESTABILITY = YES;
				ENABLE_USER_SCRIPT_SANDBOXING = YES;
				GCC_C_LANGUAGE_STANDARD = gnu17;
				GCC_DYNAMIC_NO_PIC = NO;
				GCC_NO_COMMON_BLOCKS = YES;
				GCC_OPTIMIZATION_LEVEL = 0;
				GCC_PREPROCESSOR_DEFINITIONS = (
					"DEBUG=1",
					"$(inherited)",
				);
				GCC_WARN_64_TO_32_BIT_CONVERSION = YES;
				GCC_WARN_ABOUT_RETURN_TYPE = YES_ERROR;
				GCC_WARN_UNDECLARED_SELECTOR = YES;
				GCC_WARN_UNINITIALIZED_AUTOS = YES_AGGRESSIVE;
				GCC_WARN_UNUSED_FUNCTION = YES;
				GCC_WARN_UNUSED_VARIABLE = YES;
				LOCALIZATION_PREFERS_STRING_CATALOGS = YES;
				MACOSX_DEPLOYMENT_TARGET = 14.0;
				MTL_ENABLE_DEBUG_INFO = INCLUDE_SOURCE;
				MTL_FAST_MATH = YES;
				ONLY_ACTIVE_ARCH = YES;
				SDKROOT = macosx;
				SWIFT_ACTIVE_COMPILATION_CONDITIONS = "DEBUG $(inherited)";
				SWIFT_OPTIMIZATION_LEVEL = "-Onone";
			};
			name = Debug;
		};
		AA58D63B3009389200355097 /* Release */ = {
			isa = XCBuildConfiguration;
			buildSettings = {
				ALWAYS_SEARCH_USER_PATHS = NO;
				ASSETCATALOG_COMPILER_GENERATE_SWIFT_ASSET_SYMBOL_EXTENSIONS = YES;
				CLANG_ANALYZER_NONNULL = YES;
				CLANG_ANALYZER_NUMBER_OBJECT_CONVERSION = YES_AGGRESSIVE;
				CLANG_CXX_LANGUAGE_STANDARD = "gnu++20";
				CLANG_ENABLE_MODULES = YES;
				CLANG_ENABLE_OBJC_ARC = YES;
				CLANG_ENABLE_OBJC_WEAK = YES;
				CLANG_WARN_BLOCK_CAPTURE_AUTORELEASING = YES;
				CLANG_WARN_BOOL_CONVERSION = YES;
				CLANG_WARN_COMMA = YES;
				CLANG_WARN_CONSTANT_CONVERSION = YES;
				CLANG_WARN_DEPRECATED_OBJC_IMPLEMENTATIONS = YES;
				CLANG_WARN_DIRECT_OBJC_ISA_USAGE = YES_ERROR;
				CLANG_WARN_DOCUMENTATION_COMMENTS = YES;
				CLANG_WARN_EMPTY_BODY = YES;
				CLANG_WARN_ENUM_CONVERSION = YES;
				CLANG_WARN_INFINITE_RECURSION = YES;
				CLANG_WARN_INT_CONVERSION = YES;
				CLANG_WARN_NON_LITERAL_NULL_CONVERSION = YES;
				CLANG_WARN_OBJC_IMPLICIT_RETAIN_SELF = YES;
				CLANG_WARN_OBJC_LITERAL_CONVERSION = YES;
				CLANG_WARN_OBJC_ROOT_CLASS = YES_ERROR;
				CLANG_WARN_QUOTED_INCLUDE_IN_FRAMEWORK_HEADER = YES;
				CLANG_WARN_RANGE_LOOP_ANALYSIS = YES;
				CLANG_WARN_STRICT_PROTOTYPES = YES;
				CLANG_WARN_SUSPICIOUS_MOVE = YES;
				CLANG_WARN_UNGUARDED_AVAILABILITY = YES_AGGRESSIVE;
				CLANG_WARN_UNREACHABLE_CODE = YES;
				CLANG_WARN__DUPLICATE_METHOD_MATCH = YES;
				COPY_PHASE_STRIP = NO;
				DEBUG_INFORMATION_FORMAT = "dwarf-with-dsym";
				DEVELOPMENT_TEAM = 4PMY8MS8XC;
				ENABLE_NS_ASSERTIONS = NO;
				ENABLE_STRICT_OBJC_MSGSEND = YES;
				ENABLE_USER_SCRIPT_SANDBOXING = YES;
				GCC_C_LANGUAGE_STANDARD = gnu17;
				GCC_NO_COMMON_BLOCKS = YES;
				GCC_WARN_64_TO_32_BIT_CONVERSION = YES;
				GCC_WARN_ABOUT_RETURN_TYPE = YES_ERROR;
				GCC_WARN_UNDECLARED_SELECTOR = YES;
				GCC_WARN_UNINITIALIZED_AUTOS = YES_AGGRESSIVE;
				GCC_WARN_UNUSED_FUNCTION = YES;
				GCC_WARN_UNUSED_VARIABLE = YES;
				LOCALIZATION_PREFERS_STRING_CATALOGS = YES;
				MACOSX_DEPLOYMENT_TARGET = 14.0;
				MTL_ENABLE_DEBUG_INFO = NO;
				MTL_FAST_MATH = YES;
				SDKROOT = macosx;
				SWIFT_COMPILATION_MODE = wholemodule;
			};
			name = Release;
		};
		AA58D63D3009389200355097 /* Debug */ = {
			isa = XCBuildConfiguration;
			buildSettings = {
				ASSETCATALOG_COMPILER_APPICON_NAME = AppIcon;
				ASSETCATALOG_COMPILER_GLOBAL_ACCENT_COLOR_NAME = AccentColor;
				"CODE_SIGN_IDENTITY[sdk=macosx*]" = "Apple Development";
				CODE_SIGN_STYLE = Automatic;
				COMBINE_HIDPI_IMAGES = YES;
				CURRENT_PROJECT_VERSION = 1;
				DEVELOPMENT_TEAM = YR8BZNNQ2Q;
				ENABLE_APP_SANDBOX = NO;
				ENABLE_HARDENED_RUNTIME = YES;
				ENABLE_PREVIEWS = YES;
				ENABLE_USER_SELECTED_FILES = readonly;
				GENERATE_INFOPLIST_FILE = YES;
				INFOPLIST_KEY_CFBundleDisplayName = Cue;
				INFOPLIST_KEY_NSHumanReadableCopyright = "";
				INFOPLIST_KEY_NSMicrophoneUsageDescription = "Cue listens to your microphone to transcribe interview questions locally.";
				LD_RUNPATH_SEARCH_PATHS = (
					"$(inherited)",
					"@executable_path/../Frameworks",
				);
				MARKETING_VERSION = 1.0;
				PRODUCT_BUNDLE_IDENTIFIER = abhinav.cluelyopen;
				PRODUCT_NAME = "$(TARGET_NAME)";
				REGISTER_APP_GROUPS = YES;
				STRING_CATALOG_GENERATE_SYMBOLS = YES;
				SWIFT_APPROACHABLE_CONCURRENCY = YES;
				SWIFT_DEFAULT_ACTOR_ISOLATION = MainActor;
				SWIFT_EMIT_LOC_STRINGS = YES;
				SWIFT_UPCOMING_FEATURE_MEMBER_IMPORT_VISIBILITY = YES;
				SWIFT_VERSION = 5.0;
			};
			name = Debug;
		};
		AA58D63E3009389200355097 /* Release */ = {
			isa = XCBuildConfiguration;
			buildSettings = {
				ASSETCATALOG_COMPILER_APPICON_NAME = AppIcon;
				ASSETCATALOG_COMPILER_GLOBAL_ACCENT_COLOR_NAME = AccentColor;
				"CODE_SIGN_IDENTITY[sdk=macosx*]" = "Apple Development";
				CODE_SIGN_STYLE = Automatic;
				COMBINE_HIDPI_IMAGES = YES;
				CURRENT_PROJECT_VERSION = 1;
				DEVELOPMENT_TEAM = YR8BZNNQ2Q;
				ENABLE_APP_SANDBOX = NO;
				ENABLE_HARDENED_RUNTIME = YES;
				ENABLE_PREVIEWS = YES;
				ENABLE_USER_SELECTED_FILES = readonly;
				GENERATE_INFOPLIST_FILE = YES;
				INFOPLIST_KEY_CFBundleDisplayName = Cue;
				INFOPLIST_KEY_NSHumanReadableCopyright = "";
				INFOPLIST_KEY_NSMicrophoneUsageDescription = "Cue listens to your microphone to transcribe interview questions locally.";
				LD_RUNPATH_SEARCH_PATHS = (
					"$(inherited)",
					"@executable_path/../Frameworks",
				);
				MARKETING_VERSION = 1.0;
				PRODUCT_BUNDLE_IDENTIFIER = abhinav.cluelyopen;
				PRODUCT_NAME = "$(TARGET_NAME)";
				REGISTER_APP_GROUPS = YES;
				STRING_CATALOG_GENERATE_SYMBOLS = YES;
				SWIFT_APPROACHABLE_CONCURRENCY = YES;
				SWIFT_DEFAULT_ACTOR_ISOLATION = MainActor;
				SWIFT_EMIT_LOC_STRINGS = YES;
				SWIFT_UPCOMING_FEATURE_MEMBER_IMPORT_VISIBILITY = YES;
				SWIFT_VERSION = 5.0;
			};
			name = Release;
		};
		AA58D6403009389200355097 /* Debug */ = {
			isa = XCBuildConfiguration;
			buildSettings = {
				BUNDLE_LOADER = "$(TEST_HOST)";
				CODE_SIGN_STYLE = Automatic;
				CURRENT_PROJECT_VERSION = 1;
				DEVELOPMENT_TEAM = 4PMY8MS8XC;
				GENERATE_INFOPLIST_FILE = YES;
				MACOSX_DEPLOYMENT_TARGET = 14.0;
				MARKETING_VERSION = 1.0;
				PRODUCT_BUNDLE_IDENTIFIER = abhinav.cluelyopenTests;
				PRODUCT_NAME = "$(TARGET_NAME)";
				STRING_CATALOG_GENERATE_SYMBOLS = NO;
				SWIFT_APPROACHABLE_CONCURRENCY = YES;
				SWIFT_EMIT_LOC_STRINGS = NO;
				SWIFT_UPCOMING_FEATURE_MEMBER_IMPORT_VISIBILITY = YES;
				SWIFT_VERSION = 5.0;
				TEST_HOST = "$(BUILT_PRODUCTS_DIR)/cluelyopen.app/$(BUNDLE_EXECUTABLE_FOLDER_PATH)/cluelyopen";
			};
			name = Debug;
		};
		AA58D6413009389200355097 /* Release */ = {
			isa = XCBuildConfiguration;
			buildSettings = {
				BUNDLE_LOADER = "$(TEST_HOST)";
				CODE_SIGN_STYLE = Automatic;
				CURRENT_PROJECT_VERSION = 1;
				DEVELOPMENT_TEAM = 4PMY8MS8XC;
				GENERATE_INFOPLIST_FILE = YES;
				MACOSX_DEPLOYMENT_TARGET = 14.0;
				MARKETING_VERSION = 1.0;
				PRODUCT_BUNDLE_IDENTIFIER = abhinav.cluelyopenTests;
				PRODUCT_NAME = "$(TARGET_NAME)";
				STRING_CATALOG_GENERATE_SYMBOLS = NO;
				SWIFT_APPROACHABLE_CONCURRENCY = YES;
				SWIFT_EMIT_LOC_STRINGS = NO;
				SWIFT_UPCOMING_FEATURE_MEMBER_IMPORT_VISIBILITY = YES;
				SWIFT_VERSION = 5.0;
				TEST_HOST = "$(BUILT_PRODUCTS_DIR)/cluelyopen.app/$(BUNDLE_EXECUTABLE_FOLDER_PATH)/cluelyopen";
			};
			name = Release;
		};
		AA58D6433009389200355097 /* Debug */ = {
			isa = XCBuildConfiguration;
			buildSettings = {
				CODE_SIGN_STYLE = Automatic;
				CURRENT_PROJECT_VERSION = 1;
				DEVELOPMENT_TEAM = 4PMY8MS8XC;
				GENERATE_INFOPLIST_FILE = YES;
				MARKETING_VERSION = 1.0;
				PRODUCT_BUNDLE_IDENTIFIER = abhinav.cluelyopenUITests;
				PRODUCT_NAME = "$(TARGET_NAME)";
				STRING_CATALOG_GENERATE_SYMBOLS = NO;
				SWIFT_APPROACHABLE_CONCURRENCY = YES;
				SWIFT_EMIT_LOC_STRINGS = NO;
				SWIFT_UPCOMING_FEATURE_MEMBER_IMPORT_VISIBILITY = YES;
				SWIFT_VERSION = 5.0;
				TEST_TARGET_NAME = cluelyopen;
			};
			name = Debug;
		};
		AA58D6443009389200355097 /* Release */ = {
			isa = XCBuildConfiguration;
			buildSettings = {
				CODE_SIGN_STYLE = Automatic;
				CURRENT_PROJECT_VERSION = 1;
				DEVELOPMENT_TEAM = 4PMY8MS8XC;
				GENERATE_INFOPLIST_FILE = YES;
				MARKETING_VERSION = 1.0;
				PRODUCT_BUNDLE_IDENTIFIER = abhinav.cluelyopenUITests;
				PRODUCT_NAME = "$(TARGET_NAME)";
				STRING_CATALOG_GENERATE_SYMBOLS = NO;
				SWIFT_APPROACHABLE_CONCURRENCY = YES;
				SWIFT_EMIT_LOC_STRINGS = NO;
				SWIFT_UPCOMING_FEATURE_MEMBER_IMPORT_VISIBILITY = YES;
				SWIFT_VERSION = 5.0;
				TEST_TARGET_NAME = cluelyopen;
			};
			name = Release;
		};
/* End XCBuildConfiguration section */

/* Begin XCConfigurationList section */
		AA58D6163009389200355097 /* Build configuration list for PBXProject "cluelyopen" */ = {
			isa = XCConfigurationList;
			buildConfigurations = (
				AA58D63A3009389200355097 /* Debug */,
				AA58D63B3009389200355097 /* Release */,
			);
			defaultConfigurationIsVisible = 0;
			defaultConfigurationName = Release;
		};
		AA58D63C3009389200355097 /* Build configuration list for PBXNativeTarget "cluelyopen" */ = {
			isa = XCConfigurationList;
			buildConfigurations = (
				AA58D63D3009389200355097 /* Debug */,
				AA58D63E3009389200355097 /* Release */,
			);
			defaultConfigurationIsVisible = 0;
			defaultConfigurationName = Release;
		};
		AA58D63F3009389200355097 /* Build configuration list for PBXNativeTarget "cluelyopenTests" */ = {
			isa = XCConfigurationList;
			buildConfigurations = (
				AA58D6403009389200355097 /* Debug */,
				AA58D6413009389200355097 /* Release */,
			);
			defaultConfigurationIsVisible = 0;
			defaultConfigurationName = Release;
		};
		AA58D6423009389200355097 /* Build configuration list for PBXNativeTarget "cluelyopenUITests" */ = {
			isa = XCConfigurationList;
			buildConfigurations = (
				AA58D6433009389200355097 /* Debug */,
				AA58D6443009389200355097 /* Release */,
			);
			defaultConfigurationIsVisible = 0;
			defaultConfigurationName = Release;
		};
/* End XCConfigurationList section */

/* Begin XCLocalSwiftPackageReference section */
		AA58D65130095D4A00355097 /* XCLocalSwiftPackageReference "../OpenCluelyCore" */ = {
			isa = XCLocalSwiftPackageReference;
			relativePath = ../OpenCluelyCore;
		};
/* End XCLocalSwiftPackageReference section */

/* Begin XCRemoteSwiftPackageReference section */
		AA58D681300965CB00355097 /* XCRemoteSwiftPackageReference "SwiftWhisper" */ = {
			isa = XCRemoteSwiftPackageReference;
			repositoryURL = "https://github.com/exPHAT/SwiftWhisper.git";
			requirement = {
				kind = upToNextMajorVersion;
				minimumVersion = 1.2.0;
			};
		};
/* End XCRemoteSwiftPackageReference section */

/* Begin XCSwiftPackageProductDependency section */
		AA58D65330095EDD00355097 /* OpenCluelyCore */ = {
			isa = XCSwiftPackageProductDependency;
			package = AA58D65130095D4A00355097 /* XCLocalSwiftPackageReference "../OpenCluelyCore" */;
			productName = OpenCluelyCore;
		};
		AA58D682300965CB00355097 /* SwiftWhisper */ = {
			isa = XCSwiftPackageProductDependency;
			package = AA58D681300965CB00355097 /* XCRemoteSwiftPackageReference "SwiftWhisper" */;
			productName = SwiftWhisper;
		};
/* End XCSwiftPackageProductDependency section */
	};
	rootObject = AA58D6133009389200355097 /* Project object */;
}
